{
  "name": "visionvent",
  "lockfileVersion": 3,
  "requires": true,
  "packages": {
    "": {
      "dependencies": {
        "iron-session": "^8.0.1"
      }
    },
    "node_modules/cookie": {
      "version": "0.6.0",
      "resolved": "https://registry.npmjs.org/cookie/-/cookie-0.6.0.tgz",
      "integrity": "sha512-U71cyTamuh1CRNCfpGY6to28lxvNwPG4Guz/EVjgf3Jmzv0vlDp1atT9eS5dDjMYHucpHbWns6Lwf3BKz6svdw==",
      "engines": {
        "node": ">= 0.6"
      }
    },
    "node_modules/iron-session": {
      "version": "8.0.1",
      "resolved": "https://registry.npmjs.org/iron-session/-/iron-session-8.0.1.tgz",
      "integrity": "sha512-ZQKazQRn/J5YaXY+CQ69V9lx9boh4swl+BgnNC1knxyZgBjhiXuGpY60URRntMPib9QdrsN9qAOTqdMFMbGYXg==",
      "funding": [
        "https://github.com/sponsors/vvo",
        "https://github.com/sponsors/brc-dd"
      ],
      "dependencies": {
        "cookie": "0.6.0",
        "iron-webcrypto": "1.0.0",
        "uncrypto": "0.1.3"
      }
    },
    "node_modules/iron-webcrypto": {
      "version": "1.0.0",
      "resolved": "https://registry.npmjs.org/iron-webcrypto/-/iron-webcrypto-1.0.0.tgz",
      "integrity": "sha512-anOK1Mktt8U1Xi7fCM3RELTuYbnFikQY5VtrDj7kPgpejV7d43tWKhzgioO0zpkazLEL/j/iayRqnJhrGfqUsg==",
      "funding": {
        "url": "https://github.com/sponsors/brc-dd"
      }
    },
    "node_modules/uncrypto": {
      "version": "0.1.3",
      "resolved": "https://registry.npmjs.org/uncrypto/-/uncrypto-0.1.3.tgz",
      "integrity": "sha512-Ql87qFHB3s/De2ClA9e0gsnS6zXG27SkTiSJwjCc9MebbfapQfuPzumMIUMi38ezPZVNFcHI9sUIepeQfw8J8Q=="
    }
  }
}
